
Microsoft Visual Studio Solution File, Format Version 12.00
# Visual Studio Version 16
VisualStudioVersion = 16.0.30611.23
MinimumVisualStudioVersion = 10.0.40219.1
Project("{FAE04EC0-301F-11D3-BF4B-00C04F79EFBC}") = "app_info_eventos", "app_info_eventos\app_info_eventos.csproj", "{98C8F32A-4212-4437-BCDF-D4868AD44B0C}"
EndProject
Global
	GlobalSection(SolutionConfigurationPlatforms) = preSolution
		Debug|Any CPU = Debug|Any CPU
		Release|Any CPU = Release|Any CPU
	EndGlobalSection
	GlobalSection(ProjectConfigurationPlatforms) = postSolution
		{98C8F32A-4212-4437-BCDF-D4868AD44B0C}.Debug|Any CPU.ActiveCfg = Debug|Any CPU
		{98C8F32A-4212-4437-BCDF-D4868AD44B0C}.Debug|Any CPU.Build.0 = Debug|Any CPU
		{98C8F32A-4212-4437-BCDF-D4868AD44B0C}.Release|Any CPU.ActiveCfg = Release|Any CPU
		{98C8F32A-4212-4437-BCDF-D4868AD44B0C}.Release|Any CPU.Build.0 = Release|Any CPU
	EndGlobalSection
	GlobalSection(SolutionProperties) = preSolution
		HideSolutionNode = FALSE
	EndGlobalSection
	GlobalSection(ExtensibilityGlobals) = postSolution
		SolutionGuid = {88F5705A-B413-495B-9026-8009B47D74DE}
	EndGlobalSection
EndGlobal
