
Microsoft Visual Studio Solution File, Format Version 12.00
# Visual Studio Version 16
VisualStudioVersion = 16.0.30611.23
MinimumVisualStudioVersion = 10.0.40219.1
Project("{FAE04EC0-301F-11D3-BF4B-00C04F79EFBC}") = "app_info_12_factorial", "app_info_12_factorial\app_info_12_factorial.csproj", "{77CB2DE8-26C2-46F2-BB4E-6E5B68EB82B8}"
EndProject
Global
	GlobalSection(SolutionConfigurationPlatforms) = preSolution
		Debug|Any CPU = Debug|Any CPU
		Release|Any CPU = Release|Any CPU
	EndGlobalSection
	GlobalSection(ProjectConfigurationPlatforms) = postSolution
		{77CB2DE8-26C2-46F2-BB4E-6E5B68EB82B8}.Debug|Any CPU.ActiveCfg = Debug|Any CPU
		{77CB2DE8-26C2-46F2-BB4E-6E5B68EB82B8}.Debug|Any CPU.Build.0 = Debug|Any CPU
		{77CB2DE8-26C2-46F2-BB4E-6E5B68EB82B8}.Release|Any CPU.ActiveCfg = Release|Any CPU
		{77CB2DE8-26C2-46F2-BB4E-6E5B68EB82B8}.Release|Any CPU.Build.0 = Release|Any CPU
	EndGlobalSection
	GlobalSection(SolutionProperties) = preSolution
		HideSolutionNode = FALSE
	EndGlobalSection
	GlobalSection(ExtensibilityGlobals) = postSolution
		SolutionGuid = {DC2B8836-058A-4C5E-831A-3C1AFBAD2B20}
	EndGlobalSection
EndGlobal
