
Microsoft Visual Studio Solution File, Format Version 12.00
# Visual Studio Version 16
VisualStudioVersion = 16.0.30611.23
MinimumVisualStudioVersion = 10.0.40219.1
Project("{FAE04EC0-301F-11D3-BF4B-00C04F79EFBC}") = "parcial_1", "parcial_1\parcial_1.csproj", "{FEE1F1FD-BFDF-486F-BE17-81399AA78198}"
EndProject
Global
	GlobalSection(SolutionConfigurationPlatforms) = preSolution
		Debug|Any CPU = Debug|Any CPU
		Release|Any CPU = Release|Any CPU
	EndGlobalSection
	GlobalSection(ProjectConfigurationPlatforms) = postSolution
		{FEE1F1FD-BFDF-486F-BE17-81399AA78198}.Debug|Any CPU.ActiveCfg = Debug|Any CPU
		{FEE1F1FD-BFDF-486F-BE17-81399AA78198}.Debug|Any CPU.Build.0 = Debug|Any CPU
		{FEE1F1FD-BFDF-486F-BE17-81399AA78198}.Release|Any CPU.ActiveCfg = Release|Any CPU
		{FEE1F1FD-BFDF-486F-BE17-81399AA78198}.Release|Any CPU.Build.0 = Release|Any CPU
	EndGlobalSection
	GlobalSection(SolutionProperties) = preSolution
		HideSolutionNode = FALSE
	EndGlobalSection
	GlobalSection(ExtensibilityGlobals) = postSolution
		SolutionGuid = {9E7FFD89-6FA8-4BAE-8C33-9C43D13B1899}
	EndGlobalSection
EndGlobal
