
Microsoft Visual Studio Solution File, Format Version 12.00
# Visual Studio Version 16
VisualStudioVersion = 16.0.30611.23
MinimumVisualStudioVersion = 10.0.40219.1
Project("{FAE04EC0-301F-11D3-BF4B-00C04F79EFBC}") = "app_info_9_validaciones", "app_info_9_validaciones\app_info_9_validaciones.csproj", "{55243496-5AD1-4FF4-8F3D-4F2447DF7231}"
EndProject
Global
	GlobalSection(SolutionConfigurationPlatforms) = preSolution
		Debug|Any CPU = Debug|Any CPU
		Release|Any CPU = Release|Any CPU
	EndGlobalSection
	GlobalSection(ProjectConfigurationPlatforms) = postSolution
		{55243496-5AD1-4FF4-8F3D-4F2447DF7231}.Debug|Any CPU.ActiveCfg = Debug|Any CPU
		{55243496-5AD1-4FF4-8F3D-4F2447DF7231}.Debug|Any CPU.Build.0 = Debug|Any CPU
		{55243496-5AD1-4FF4-8F3D-4F2447DF7231}.Release|Any CPU.ActiveCfg = Release|Any CPU
		{55243496-5AD1-4FF4-8F3D-4F2447DF7231}.Release|Any CPU.Build.0 = Release|Any CPU
	EndGlobalSection
	GlobalSection(SolutionProperties) = preSolution
		HideSolutionNode = FALSE
	EndGlobalSection
	GlobalSection(ExtensibilityGlobals) = postSolution
		SolutionGuid = {EF057D06-15B9-468E-91B0-531F4C91E8D4}
	EndGlobalSection
EndGlobal
