
Microsoft Visual Studio Solution File, Format Version 12.00
# Visual Studio Version 16
VisualStudioVersion = 16.0.30611.23
MinimumVisualStudioVersion = 10.0.40219.1
Project("{FAE04EC0-301F-11D3-BF4B-00C04F79EFBC}") = "app_info_8_menus", "app_info_8_menus\app_info_8_menus.csproj", "{2D1B5F36-F98D-47BE-BAE4-7E6A00772F1A}"
EndProject
Global
	GlobalSection(SolutionConfigurationPlatforms) = preSolution
		Debug|Any CPU = Debug|Any CPU
		Release|Any CPU = Release|Any CPU
	EndGlobalSection
	GlobalSection(ProjectConfigurationPlatforms) = postSolution
		{2D1B5F36-F98D-47BE-BAE4-7E6A00772F1A}.Debug|Any CPU.ActiveCfg = Debug|Any CPU
		{2D1B5F36-F98D-47BE-BAE4-7E6A00772F1A}.Debug|Any CPU.Build.0 = Debug|Any CPU
		{2D1B5F36-F98D-47BE-BAE4-7E6A00772F1A}.Release|Any CPU.ActiveCfg = Release|Any CPU
		{2D1B5F36-F98D-47BE-BAE4-7E6A00772F1A}.Release|Any CPU.Build.0 = Release|Any CPU
	EndGlobalSection
	GlobalSection(SolutionProperties) = preSolution
		HideSolutionNode = FALSE
	EndGlobalSection
	GlobalSection(ExtensibilityGlobals) = postSolution
		SolutionGuid = {E4BE79D9-2B1E-4B5B-9D08-997A51ADAD71}
	EndGlobalSection
EndGlobal
