
Microsoft Visual Studio Solution File, Format Version 12.00
# Visual Studio Version 16
VisualStudioVersion = 16.0.30611.23
MinimumVisualStudioVersion = 10.0.40219.1
Project("{FAE04EC0-301F-11D3-BF4B-00C04F79EFBC}") = "app_info_1", "app_info_1\app_info_1.csproj", "{956D9307-0847-4128-B32C-661E80E4E20F}"
EndProject
Global
	GlobalSection(SolutionConfigurationPlatforms) = preSolution
		Debug|Any CPU = Debug|Any CPU
		Release|Any CPU = Release|Any CPU
	EndGlobalSection
	GlobalSection(ProjectConfigurationPlatforms) = postSolution
		{956D9307-0847-4128-B32C-661E80E4E20F}.Debug|Any CPU.ActiveCfg = Debug|Any CPU
		{956D9307-0847-4128-B32C-661E80E4E20F}.Debug|Any CPU.Build.0 = Debug|Any CPU
		{956D9307-0847-4128-B32C-661E80E4E20F}.Release|Any CPU.ActiveCfg = Release|Any CPU
		{956D9307-0847-4128-B32C-661E80E4E20F}.Release|Any CPU.Build.0 = Release|Any CPU
	EndGlobalSection
	GlobalSection(SolutionProperties) = preSolution
		HideSolutionNode = FALSE
	EndGlobalSection
	GlobalSection(ExtensibilityGlobals) = postSolution
		SolutionGuid = {B4EC7BE5-A02D-4150-BDB1-557307BB9099}
	EndGlobalSection
EndGlobal
